<?xml version="1.0" encoding="utf-8"?>
<Project ToolsVersion="4.0" xmlns="http://schemas.microsoft.com/developer/msbuild/2003">
  <ItemGroup>
    <Filter Include="Aitomus">
      <UniqueIdentifier>{278CA88C-936B-2728-9C83-B2FE08E28D89}</UniqueIdentifier>
    </Filter>
  </ItemGroup>
  <ItemGroup>
    <ClInclude Include="src\Aitomus.h" />
    <ClInclude Include="src\Aitomus\Application.h">
      <Filter>Aitomus</Filter>
    </ClInclude>
    <ClInclude Include="src\Aitomus\Core.h">
      <Filter>Aitomus</Filter>
    </ClInclude>
    <ClInclude Include="src\Aitomus\Entrypoint.h">
      <Filter>Aitomus</Filter>
    </ClInclude>
    <ClInclude Include="src\Aitomus\Log.h">
      <Filter>Aitomus</Filter>
    </ClInclude>
  </ItemGroup>
  <ItemGroup>
    <ClCompile Include="src\Aitomus\Application.cpp">
      <Filter>Aitomus</Filter>
    </ClCompile>
    <ClCompile Include="src\Aitomus\Log.cpp">
      <Filter>Aitomus</Filter>
    </ClCompile>
  </ItemGroup>
</Project>